
Microsoft Visual Studio Solution File, Format Version 12.00
# Visual Studio Version 17
VisualStudioVersion = 17.12.35527.113 d17.12
MinimumVisualStudioVersion = 10.0.40219.1
Project("{FAE04EC0-301F-11D3-BF4B-00C04F79EFBC}") = "Fibonacci", "Fibonacci\Fibonacci.csproj", "{D15C777C-B107-42E2-A6EB-DC8932C658D3}"
EndProject
Project("{FAE04EC0-301F-11D3-BF4B-00C04F79EFBC}") = "Faturamento", "Faturamento\Faturamento.csproj", "{D015ED73-8C2E-4659-B15F-8040AA5A5041}"
EndProject
Project("{FAE04EC0-301F-11D3-BF4B-00C04F79EFBC}") = "Percentual", "Percentual\Percentual.csproj", "{BE66A5D3-0BD7-4956-9454-BD84533F373A}"
EndProject
Global
	GlobalSection(SolutionConfigurationPlatforms) = preSolution
		Debug|Any CPU = Debug|Any CPU
		Release|Any CPU = Release|Any CPU
	EndGlobalSection
	GlobalSection(ProjectConfigurationPlatforms) = postSolution
		{D15C777C-B107-42E2-A6EB-DC8932C658D3}.Debug|Any CPU.ActiveCfg = Debug|Any CPU
		{D15C777C-B107-42E2-A6EB-DC8932C658D3}.Debug|Any CPU.Build.0 = Debug|Any CPU
		{D15C777C-B107-42E2-A6EB-DC8932C658D3}.Release|Any CPU.ActiveCfg = Release|Any CPU
		{D15C777C-B107-42E2-A6EB-DC8932C658D3}.Release|Any CPU.Build.0 = Release|Any CPU
		{D015ED73-8C2E-4659-B15F-8040AA5A5041}.Debug|Any CPU.ActiveCfg = Debug|Any CPU
		{D015ED73-8C2E-4659-B15F-8040AA5A5041}.Debug|Any CPU.Build.0 = Debug|Any CPU
		{D015ED73-8C2E-4659-B15F-8040AA5A5041}.Release|Any CPU.ActiveCfg = Release|Any CPU
		{D015ED73-8C2E-4659-B15F-8040AA5A5041}.Release|Any CPU.Build.0 = Release|Any CPU
		{BE66A5D3-0BD7-4956-9454-BD84533F373A}.Debug|Any CPU.ActiveCfg = Debug|Any CPU
		{BE66A5D3-0BD7-4956-9454-BD84533F373A}.Debug|Any CPU.Build.0 = Debug|Any CPU
		{BE66A5D3-0BD7-4956-9454-BD84533F373A}.Release|Any CPU.ActiveCfg = Release|Any CPU
		{BE66A5D3-0BD7-4956-9454-BD84533F373A}.Release|Any CPU.Build.0 = Release|Any CPU
	EndGlobalSection
	GlobalSection(SolutionProperties) = preSolution
		HideSolutionNode = FALSE
	EndGlobalSection
EndGlobal
